
Microsoft Visual Studio Solution File, Format Version 12.00
# Visual Studio 15
VisualStudioVersion = 15.0.28307.168
MinimumVisualStudioVersion = 10.0.40219.1
Project("{FAE04EC0-301F-11D3-BF4B-00C04F79EFBC}") = "Logger", "Logger\Logger.csproj", "{9E1638B5-60FB-41DD-86ED-6A6092F84A82}"
EndProject
Project("{2150E333-8FDC-42A3-9474-1A3956D46DE8}") = "Utilities", "Utilities", "{88C2C229-0B10-4F51-AFF4-507ECC60AE91}"
EndProject
Project("{FAE04EC0-301F-11D3-BF4B-00C04F79EFBC}") = "RegistryHelper", "RegistryHelper\RegistryHelper.csproj", "{8FEAAE17-A118-40B7-8B3E-B777EC38A33C}"
EndProject
Global
	GlobalSection(SolutionConfigurationPlatforms) = preSolution
		Debug|Any CPU = Debug|Any CPU
		Release|Any CPU = Release|Any CPU
	EndGlobalSection
	GlobalSection(ProjectConfigurationPlatforms) = postSolution
		{9E1638B5-60FB-41DD-86ED-6A6092F84A82}.Debug|Any CPU.ActiveCfg = Debug|Any CPU
		{9E1638B5-60FB-41DD-86ED-6A6092F84A82}.Debug|Any CPU.Build.0 = Debug|Any CPU
		{9E1638B5-60FB-41DD-86ED-6A6092F84A82}.Release|Any CPU.ActiveCfg = Release|Any CPU
		{9E1638B5-60FB-41DD-86ED-6A6092F84A82}.Release|Any CPU.Build.0 = Release|Any CPU
		{8FEAAE17-A118-40B7-8B3E-B777EC38A33C}.Debug|Any CPU.ActiveCfg = Debug|Any CPU
		{8FEAAE17-A118-40B7-8B3E-B777EC38A33C}.Debug|Any CPU.Build.0 = Debug|Any CPU
		{8FEAAE17-A118-40B7-8B3E-B777EC38A33C}.Release|Any CPU.ActiveCfg = Release|Any CPU
		{8FEAAE17-A118-40B7-8B3E-B777EC38A33C}.Release|Any CPU.Build.0 = Release|Any CPU
	EndGlobalSection
	GlobalSection(SolutionProperties) = preSolution
		HideSolutionNode = FALSE
	EndGlobalSection
	GlobalSection(NestedProjects) = preSolution
		{9E1638B5-60FB-41DD-86ED-6A6092F84A82} = {88C2C229-0B10-4F51-AFF4-507ECC60AE91}
		{8FEAAE17-A118-40B7-8B3E-B777EC38A33C} = {88C2C229-0B10-4F51-AFF4-507ECC60AE91}
	EndGlobalSection
	GlobalSection(ExtensibilityGlobals) = postSolution
		SolutionGuid = {72A2B1D0-8462-4F24-A71C-430B4F2B2986}
	EndGlobalSection
EndGlobal
