
Microsoft Visual Studio Solution File, Format Version 12.00
# Visual Studio 15
VisualStudioVersion = 15.0.28307.168
MinimumVisualStudioVersion = 10.0.40219.1
Project("{9A19103F-16F7-4668-BE54-9A1E7A4F7556}") = "MyTweetAPI", "WebApi\MyTweetAPI.csproj", "{F7AE727B-1BCC-48A0-8974-36AE187C58E0}"
EndProject
Project("{2150E333-8FDC-42A3-9474-1A3956D46DE8}") = "DAL", "DAL", "{A37482C8-CB30-4DED-A839-5B36CEE4A043}"
EndProject
Project("{FAE04EC0-301F-11D3-BF4B-00C04F79EFBC}") = "DBManager", "DBManager\DBManager.csproj", "{34C92BD7-AEED-458F-828F-8576CA275053}"
EndProject
Project("{9A19103F-16F7-4668-BE54-9A1E7A4F7556}") = "DataCore", "DataCore\DataCore.csproj", "{79AC77A9-129E-4FFD-BDB5-ABEDA6D4335A}"
EndProject
Project("{9A19103F-16F7-4668-BE54-9A1E7A4F7556}") = "DataModels", "DataModels\DataModels.csproj", "{02999B8E-A784-44DB-B87B-29B8FAF23C40}"
EndProject
Global
	GlobalSection(SolutionConfigurationPlatforms) = preSolution
		Debug|Any CPU = Debug|Any CPU
		Release|Any CPU = Release|Any CPU
	EndGlobalSection
	GlobalSection(ProjectConfigurationPlatforms) = postSolution
		{F7AE727B-1BCC-48A0-8974-36AE187C58E0}.Debug|Any CPU.ActiveCfg = Debug|Any CPU
		{F7AE727B-1BCC-48A0-8974-36AE187C58E0}.Debug|Any CPU.Build.0 = Debug|Any CPU
		{F7AE727B-1BCC-48A0-8974-36AE187C58E0}.Release|Any CPU.ActiveCfg = Release|Any CPU
		{F7AE727B-1BCC-48A0-8974-36AE187C58E0}.Release|Any CPU.Build.0 = Release|Any CPU
		{34C92BD7-AEED-458F-828F-8576CA275053}.Debug|Any CPU.ActiveCfg = Debug|Any CPU
		{34C92BD7-AEED-458F-828F-8576CA275053}.Debug|Any CPU.Build.0 = Debug|Any CPU
		{34C92BD7-AEED-458F-828F-8576CA275053}.Release|Any CPU.ActiveCfg = Release|Any CPU
		{34C92BD7-AEED-458F-828F-8576CA275053}.Release|Any CPU.Build.0 = Release|Any CPU
		{79AC77A9-129E-4FFD-BDB5-ABEDA6D4335A}.Debug|Any CPU.ActiveCfg = Debug|Any CPU
		{79AC77A9-129E-4FFD-BDB5-ABEDA6D4335A}.Debug|Any CPU.Build.0 = Debug|Any CPU
		{79AC77A9-129E-4FFD-BDB5-ABEDA6D4335A}.Release|Any CPU.ActiveCfg = Release|Any CPU
		{79AC77A9-129E-4FFD-BDB5-ABEDA6D4335A}.Release|Any CPU.Build.0 = Release|Any CPU
		{02999B8E-A784-44DB-B87B-29B8FAF23C40}.Debug|Any CPU.ActiveCfg = Debug|Any CPU
		{02999B8E-A784-44DB-B87B-29B8FAF23C40}.Debug|Any CPU.Build.0 = Debug|Any CPU
		{02999B8E-A784-44DB-B87B-29B8FAF23C40}.Release|Any CPU.ActiveCfg = Release|Any CPU
		{02999B8E-A784-44DB-B87B-29B8FAF23C40}.Release|Any CPU.Build.0 = Release|Any CPU
	EndGlobalSection
	GlobalSection(SolutionProperties) = preSolution
		HideSolutionNode = FALSE
	EndGlobalSection
	GlobalSection(NestedProjects) = preSolution
		{34C92BD7-AEED-458F-828F-8576CA275053} = {A37482C8-CB30-4DED-A839-5B36CEE4A043}
		{79AC77A9-129E-4FFD-BDB5-ABEDA6D4335A} = {A37482C8-CB30-4DED-A839-5B36CEE4A043}
		{02999B8E-A784-44DB-B87B-29B8FAF23C40} = {A37482C8-CB30-4DED-A839-5B36CEE4A043}
	EndGlobalSection
	GlobalSection(ExtensibilityGlobals) = postSolution
		SolutionGuid = {7A97032E-A8A4-4D29-A29C-0A64DB0AFD5C}
	EndGlobalSection
EndGlobal
